// !$*UTF8*$!
{
	archiveVersion = 1;
	classes = {
	};
	objectVersion = 46;
	objects = {

/* Begin PBXBuildFile section */
		2872AB631E533F4E001A6DFE /* Training.m in Sources */ = {isa = PBXBuildFile; fileRef = 2872AB621E533F4E001A6DFE /* Training.m */; };
		28739C0C1E50F7ED0053BB6A /* Tuple.m in Sources */ = {isa = PBXBuildFile; fileRef = 28739C0B1E50F7ED0053BB6A /* Tuple.m */; };
		28A166B31E5118020095ABFB /* Matrix.m in Sources */ = {isa = PBXBuildFile; fileRef = 28A166A71E5118020095ABFB /* Matrix.m */; };
		28A166B51E5118020095ABFB /* Matrix+Manipulate.m in Sources */ = {isa = PBXBuildFile; fileRef = 28A166AB1E5118020095ABFB /* Matrix+Manipulate.m */; };
		28A166B61E5118020095ABFB /* Matrix+Map.m in Sources */ = {isa = PBXBuildFile; fileRef = 28A166AD1E5118020095ABFB /* Matrix+Map.m */; };
		28B32F1A1E50D176004FC819 /* main.m in Sources */ = {isa = PBXBuildFile; fileRef = 28B32F191E50D176004FC819 /* main.m */; };
		28B32F221E50D181004FC819 /* Network.m in Sources */ = {isa = PBXBuildFile; fileRef = 28B32F211E50D181004FC819 /* Network.m */; };
/* End PBXBuildFile section */

/* Begin PBXCopyFilesBuildPhase section */
		28B32F141E50D176004FC819 /* CopyFiles */ = {
			isa = PBXCopyFilesBuildPhase;
			buildActionMask = 2147483647;
			dstPath = /usr/share/man/man1/;
			dstSubfolderSpec = 0;
			files = (
			);
			runOnlyForDeploymentPostprocessing = 1;
		};
/* End PBXCopyFilesBuildPhase section */

/* Begin PBXFileReference section */
		2872AB611E533F4E001A6DFE /* Training.h */ = {isa = PBXFileReference; fileEncoding = 4; lastKnownFileType = sourcecode.c.h; path = Training.h; sourceTree = "<group>"; };
		2872AB621E533F4E001A6DFE /* Training.m */ = {isa = PBXFileReference; fileEncoding = 4; lastKnownFileType = sourcecode.c.objc; path = Training.m; sourceTree = "<group>"; };
		28739C0A1E50F7ED0053BB6A /* Tuple.h */ = {isa = PBXFileReference; fileEncoding = 4; lastKnownFileType = sourcecode.c.h; path = Tuple.h; sourceTree = "<group>"; };
		28739C0B1E50F7ED0053BB6A /* Tuple.m */ = {isa = PBXFileReference; fileEncoding = 4; lastKnownFileType = sourcecode.c.objc; path = Tuple.m; sourceTree = "<group>"; };
		287B7B301E512E9F000EE4D0 /* YCMatrix.h */ = {isa = PBXFileReference; lastKnownFileType = sourcecode.c.h; path = YCMatrix.h; sourceTree = "<group>"; };
		28A166A21E5118020095ABFB /* Constants.h */ = {isa = PBXFileReference; fileEncoding = 4; lastKnownFileType = sourcecode.c.h; path = Constants.h; sourceTree = "<group>"; };
		28A166A61E5118020095ABFB /* Matrix.h */ = {isa = PBXFileReference; fileEncoding = 4; lastKnownFileType = sourcecode.c.h; path = Matrix.h; sourceTree = "<group>"; };
		28A166A71E5118020095ABFB /* Matrix.m */ = {isa = PBXFileReference; fileEncoding = 4; lastKnownFileType = sourcecode.c.objc; path = Matrix.m; sourceTree = "<group>"; };
		28A166AA1E5118020095ABFB /* Matrix+Manipulate.h */ = {isa = PBXFileReference; fileEncoding = 4; lastKnownFileType = sourcecode.c.h; path = "Matrix+Manipulate.h"; sourceTree = "<group>"; };
		28A166AB1E5118020095ABFB /* Matrix+Manipulate.m */ = {isa = PBXFileReference; fileEncoding = 4; lastKnownFileType = sourcecode.c.objc; path = "Matrix+Manipulate.m"; sourceTree = "<group>"; };
		28A166AC1E5118020095ABFB /* Matrix+Map.h */ = {isa = PBXFileReference; fileEncoding = 4; lastKnownFileType = sourcecode.c.h; path = "Matrix+Map.h"; sourceTree = "<group>"; };
		28A166AD1E5118020095ABFB /* Matrix+Map.m */ = {isa = PBXFileReference; fileEncoding = 4; lastKnownFileType = sourcecode.c.objc; path = "Matrix+Map.m"; sourceTree = "<group>"; };
		28B32F161E50D176004FC819 /* Network */ = {isa = PBXFileReference; explicitFileType = "compiled.mach-o.executable"; includeInIndex = 0; path = Network; sourceTree = BUILT_PRODUCTS_DIR; };
		28B32F191E50D176004FC819 /* main.m */ = {isa = PBXFileReference; lastKnownFileType = sourcecode.c.objc; path = main.m; sourceTree = "<group>"; };
		28B32F201E50D181004FC819 /* Network.h */ = {isa = PBXFileReference; fileEncoding = 4; lastKnownFileType = sourcecode.c.h; path = Network.h; sourceTree = "<group>"; };
		28B32F211E50D181004FC819 /* Network.m */ = {isa = PBXFileReference; fileEncoding = 4; lastKnownFileType = sourcecode.c.objc; path = Network.m; sourceTree = "<group>"; };
/* End PBXFileReference section */

/* Begin PBXFrameworksBuildPhase section */
		28B32F131E50D176004FC819 /* Frameworks */ = {
			isa = PBXFrameworksBuildPhase;
			buildActionMask = 2147483647;
			files = (
			);
			runOnlyForDeploymentPostprocessing = 0;
		};
/* End PBXFrameworksBuildPhase section */

/* Begin PBXGroup section */
		28A166B81E5118060095ABFB /* Matrix Lib */ = {
			isa = PBXGroup;
			children = (
				28A166A21E5118020095ABFB /* Constants.h */,
				28A166A61E5118020095ABFB /* Matrix.h */,
				28A166A71E5118020095ABFB /* Matrix.m */,
				28A166AA1E5118020095ABFB /* Matrix+Manipulate.h */,
				28A166AB1E5118020095ABFB /* Matrix+Manipulate.m */,
				28A166AC1E5118020095ABFB /* Matrix+Map.h */,
				28A166AD1E5118020095ABFB /* Matrix+Map.m */,
				287B7B301E512E9F000EE4D0 /* YCMatrix.h */,
			);
			name = "Matrix Lib";
			sourceTree = "<group>";
		};
		28B32F0D1E50D176004FC819 = {
			isa = PBXGroup;
			children = (
				28B32F181E50D176004FC819 /* Network */,
				28B32F171E50D176004FC819 /* Products */,
			);
			sourceTree = "<group>";
		};
		28B32F171E50D176004FC819 /* Products */ = {
			isa = PBXGroup;
			children = (
				28B32F161E50D176004FC819 /* Network */,
			);
			name = Products;
			sourceTree = "<group>";
		};
		28B32F181E50D176004FC819 /* Network */ = {
			isa = PBXGroup;
			children = (
				28B32F201E50D181004FC819 /* Network.h */,
				28B32F211E50D181004FC819 /* Network.m */,
				2872AB611E533F4E001A6DFE /* Training.h */,
				2872AB621E533F4E001A6DFE /* Training.m */,
				28739C0A1E50F7ED0053BB6A /* Tuple.h */,
				28739C0B1E50F7ED0053BB6A /* Tuple.m */,
				28B32F191E50D176004FC819 /* main.m */,
				28A166B81E5118060095ABFB /* Matrix Lib */,
			);
			path = Network;
			sourceTree = "<group>";
		};
/* End PBXGroup section */

/* Begin PBXNativeTarget section */
		28B32F151E50D176004FC819 /* Network */ = {
			isa = PBXNativeTarget;
			buildConfigurationList = 28B32F1D1E50D176004FC819 /* Build configuration list for PBXNativeTarget "Network" */;
			buildPhases = (
				28B32F121E50D176004FC819 /* Sources */,
				28B32F131E50D176004FC819 /* Frameworks */,
				28B32F141E50D176004FC819 /* CopyFiles */,
			);
			buildRules = (
			);
			dependencies = (
			);
			name = Network;
			productName = Network;
			productReference = 28B32F161E50D176004FC819 /* Network */;
			productType = "com.apple.product-type.tool";
		};
/* End PBXNativeTarget section */

/* Begin PBXProject section */
		28B32F0E1E50D176004FC819 /* Project object */ = {
			isa = PBXProject;
			attributes = {
				LastUpgradeCheck = 0830;
				ORGANIZATIONNAME = "Yongyang Nie";
				TargetAttributes = {
					28B32F151E50D176004FC819 = {
						CreatedOnToolsVersion = 8.3;
						DevelopmentTeam = 8NZ8K5GNH8;
						ProvisioningStyle = Automatic;
					};
				};
			};
			buildConfigurationList = 28B32F111E50D176004FC819 /* Build configuration list for PBXProject "Network" */;
			compatibilityVersion = "Xcode 3.2";
			developmentRegion = English;
			hasScannedForEncodings = 0;
			knownRegions = (
				en,
			);
			mainGroup = 28B32F0D1E50D176004FC819;
			productRefGroup = 28B32F171E50D176004FC819 /* Products */;
			projectDirPath = "";
			projectRoot = "";
			targets = (
				28B32F151E50D176004FC819 /* Network */,
			);
		};
/* End PBXProject section */

/* Begin PBXSourcesBuildPhase section */
		28B32F121E50D176004FC819 /* Sources */ = {
			isa = PBXSourcesBuildPhase;
			buildActionMask = 2147483647;
			files = (
				2872AB631E533F4E001A6DFE /* Training.m in Sources */,
				28A166B51E5118020095ABFB /* Matrix+Manipulate.m in Sources */,
				28739C0C1E50F7ED0053BB6A /* Tuple.m in Sources */,
				28A166B31E5118020095ABFB /* Matrix.m in Sources */,
				28B32F221E50D181004FC819 /* Network.m in Sources */,
				28A166B61E5118020095ABFB /* Matrix+Map.m in Sources */,
				28B32F1A1E50D176004FC819 /* main.m in Sources */,
			);
			runOnlyForDeploymentPostprocessing = 0;
		};
/* End PBXSourcesBuildPhase section */

/* Begin XCBuildConfiguration section */
		28B32F1B1E50D176004FC819 /* Debug */ = {
			isa = XCBuildConfiguration;
			buildSettings = {
				ALWAYS_SEARCH_USER_PATHS = NO;
				CLANG_ANALYZER_NONNULL = YES;
				CLANG_ANALYZER_NUMBER_OBJECT_CONVERSION = YES_AGGRESSIVE;
				CLANG_CXX_LANGUAGE_STANDARD = "gnu++0x";
				CLANG_CXX_LIBRARY = "libc++";
				CLANG_ENABLE_MODULES = YES;
				CLANG_ENABLE_OBJC_ARC = YES;
				CLANG_WARN_BOOL_CONVERSION = YES;
				CLANG_WARN_CONSTANT_CONVERSION = YES;
				CLANG_WARN_DIRECT_OBJC_ISA_USAGE = YES_ERROR;
				CLANG_WARN_DOCUMENTATION_COMMENTS = YES;
				CLANG_WARN_EMPTY_BODY = YES;
				CLANG_WARN_ENUM_CONVERSION = YES;
				CLANG_WARN_INFINITE_RECURSION = YES;
				CLANG_WARN_INT_CONVERSION = YES;
				CLANG_WARN_OBJC_ROOT_CLASS = YES_ERROR;
				CLANG_WARN_SUSPICIOUS_MOVE = YES;
				CLANG_WARN_UNREACHABLE_CODE = YES;
				CLANG_WARN__DUPLICATE_METHOD_MATCH = YES;
				CODE_SIGN_IDENTITY = "-";
				COPY_PHASE_STRIP = NO;
				DEBUG_INFORMATION_FORMAT = dwarf;
				ENABLE_STRICT_OBJC_MSGSEND = YES;
				ENABLE_TESTABILITY = YES;
				GCC_C_LANGUAGE_STANDARD = gnu99;
				GCC_DYNAMIC_NO_PIC = NO;
				GCC_NO_COMMON_BLOCKS = YES;
				GCC_OPTIMIZATION_LEVEL = 0;
				GCC_PREPROCESSOR_DEFINITIONS = (
					"DEBUG=1",
					"$(inherited)",
				);
				GCC_WARN_64_TO_32_BIT_CONVERSION = YES;
				GCC_WARN_ABOUT_RETURN_TYPE = YES_ERROR;
				GCC_WARN_UNDECLARED_SELECTOR = YES;
				GCC_WARN_UNINITIALIZED_AUTOS = YES_AGGRESSIVE;
				GCC_WARN_UNUSED_FUNCTION = YES;
				GCC_WARN_UNUSED_VARIABLE = YES;
				MACOSX_DEPLOYMENT_TARGET = 10.12;
				MTL_ENABLE_DEBUG_INFO = YES;
				ONLY_ACTIVE_ARCH = YES;
				SDKROOT = macosx;
			};
			name = Debug;
		};
		28B32F1C1E50D176004FC819 /* Release */ = {
			isa = XCBuildConfiguration;
			buildSettings = {
				ALWAYS_SEARCH_USER_PATHS = NO;
				CLANG_ANALYZER_NONNULL = YES;
				CLANG_ANALYZER_NUMBER_OBJECT_CONVERSION = YES_AGGRESSIVE;
				CLANG_CXX_LANGUAGE_STANDARD = "gnu++0x";
				CLANG_CXX_LIBRARY = "libc++";
				CLANG_ENABLE_MODULES = YES;
				CLANG_ENABLE_OBJC_ARC = YES;
				CLANG_WARN_BOOL_CONVERSION = YES;
				CLANG_WARN_CONSTANT_CONVERSION = YES;
				CLANG_WARN_DIRECT_OBJC_ISA_USAGE = YES_ERROR;
				CLANG_WARN_DOCUMENTATION_COMMENTS = YES;
				CLANG_WARN_EMPTY_BODY = YES;
				CLANG_WARN_ENUM_CONVERSION = YES;
				CLANG_WARN_INFINITE_RECURSION = YES;
				CLANG_WARN_INT_CONVERSION = YES;
				CLANG_WARN_OBJC_ROOT_CLASS = YES_ERROR;
				CLANG_WARN_SUSPICIOUS_MOVE = YES;
				CLANG_WARN_UNREACHABLE_CODE = YES;
				CLANG_WARN__DUPLICATE_METHOD_MATCH = YES;
				CODE_SIGN_IDENTITY = "-";
				COPY_PHASE_STRIP = NO;
				DEBUG_INFORMATION_FORMAT = "dwarf-with-dsym";
				ENABLE_NS_ASSERTIONS = NO;
				ENABLE_STRICT_OBJC_MSGSEND = YES;
				GCC_C_LANGUAGE_STANDARD = gnu99;
				GCC_NO_COMMON_BLOCKS = YES;
				GCC_WARN_64_TO_32_BIT_CONVERSION = YES;
				GCC_WARN_ABOUT_RETURN_TYPE = YES_ERROR;
				GCC_WARN_UNDECLARED_SELECTOR = YES;
				GCC_WARN_UNINITIALIZED_AUTOS = YES_AGGRESSIVE;
				GCC_WARN_UNUSED_FUNCTION = YES;
				GCC_WARN_UNUSED_VARIABLE = YES;
				MACOSX_DEPLOYMENT_TARGET = 10.12;
				MTL_ENABLE_DEBUG_INFO = NO;
				SDKROOT = macosx;
			};
			name = Release;
		};
		28B32F1E1E50D176004FC819 /* Debug */ = {
			isa = XCBuildConfiguration;
			buildSettings = {
				CODE_SIGN_IDENTITY = "Mac Developer";
				DEVELOPMENT_TEAM = "";
				INFOPLIST_FILE = "$(SRCROOT)/Network/YCMatrix/YCMatrix-Info.plist";
				PRODUCT_NAME = "$(TARGET_NAME)";
				PROVISIONING_PROFILE_SPECIFIER = "";
			};
			name = Debug;
		};
		28B32F1F1E50D176004FC819 /* Release */ = {
			isa = XCBuildConfiguration;
			buildSettings = {
				CODE_SIGN_IDENTITY = "Mac Developer";
				DEVELOPMENT_TEAM = "";
				INFOPLIST_FILE = "$(SRCROOT)/Network/YCMatrix/YCMatrix-Info.plist";
				PRODUCT_NAME = "$(TARGET_NAME)";
				PROVISIONING_PROFILE_SPECIFIER = "";
			};
			name = Release;
		};
/* End XCBuildConfiguration section */

/* Begin XCConfigurationList section */
		28B32F111E50D176004FC819 /* Build configuration list for PBXProject "Network" */ = {
			isa = XCConfigurationList;
			buildConfigurations = (
				28B32F1B1E50D176004FC819 /* Debug */,
				28B32F1C1E50D176004FC819 /* Release */,
			);
			defaultConfigurationIsVisible = 0;
			defaultConfigurationName = Release;
		};
		28B32F1D1E50D176004FC819 /* Build configuration list for PBXNativeTarget "Network" */ = {
			isa = XCConfigurationList;
			buildConfigurations = (
				28B32F1E1E50D176004FC819 /* Debug */,
				28B32F1F1E50D176004FC819 /* Release */,
			);
			defaultConfigurationIsVisible = 0;
			defaultConfigurationName = Release;
		};
/* End XCConfigurationList section */
	};
	rootObject = 28B32F0E1E50D176004FC819 /* Project object */;
}
