// !$*UTF8*$!
{
	archiveVersion = 1;
	classes = {
	};
	objectVersion = 46;
	objects = {

/* Begin PBXBuildFile section */
		28AF8D711E3F813B0035C9BA /* AppDelegate.m in Sources */ = {isa = PBXBuildFile; fileRef = 28AF8D701E3F813B0035C9BA /* AppDelegate.m */; };
		28AF8D741E3F813B0035C9BA /* main.m in Sources */ = {isa = PBXBuildFile; fileRef = 28AF8D731E3F813B0035C9BA /* main.m */; };
		28AF8D771E3F813B0035C9BA /* ViewController.m in Sources */ = {isa = PBXBuildFile; fileRef = 28AF8D761E3F813B0035C9BA /* ViewController.m */; };
		28AF8D791E3F813B0035C9BA /* Assets.xcassets in Resources */ = {isa = PBXBuildFile; fileRef = 28AF8D781E3F813B0035C9BA /* Assets.xcassets */; };
		28AF8D7C1E3F813B0035C9BA /* Main.storyboard in Resources */ = {isa = PBXBuildFile; fileRef = 28AF8D7A1E3F813B0035C9BA /* Main.storyboard */; };
		28AF8D871E3F813B0035C9BA /* Network_Obj_cTests.m in Sources */ = {isa = PBXBuildFile; fileRef = 28AF8D861E3F813B0035C9BA /* Network_Obj_cTests.m */; };
		28AF8D921E3F813B0035C9BA /* Network_Obj_cUITests.m in Sources */ = {isa = PBXBuildFile; fileRef = 28AF8D911E3F813B0035C9BA /* Network_Obj_cUITests.m */; };
		28AF8DA11E3F81460035C9BA /* Network.m in Sources */ = {isa = PBXBuildFile; fileRef = 28AF8DA01E3F81460035C9BA /* Network.m */; };
/* End PBXBuildFile section */

/* Begin PBXContainerItemProxy section */
		28AF8D831E3F813B0035C9BA /* PBXContainerItemProxy */ = {
			isa = PBXContainerItemProxy;
			containerPortal = 28AF8D641E3F813B0035C9BA /* Project object */;
			proxyType = 1;
			remoteGlobalIDString = 28AF8D6B1E3F813B0035C9BA;
			remoteInfo = "Network_Obj-c";
		};
		28AF8D8E1E3F813B0035C9BA /* PBXContainerItemProxy */ = {
			isa = PBXContainerItemProxy;
			containerPortal = 28AF8D641E3F813B0035C9BA /* Project object */;
			proxyType = 1;
			remoteGlobalIDString = 28AF8D6B1E3F813B0035C9BA;
			remoteInfo = "Network_Obj-c";
		};
/* End PBXContainerItemProxy section */

/* Begin PBXFileReference section */
		28AF8D6C1E3F813B0035C9BA /* Network_Obj-c.app */ = {isa = PBXFileReference; explicitFileType = wrapper.application; includeInIndex = 0; path = "Network_Obj-c.app"; sourceTree = BUILT_PRODUCTS_DIR; };
		28AF8D6F1E3F813B0035C9BA /* AppDelegate.h */ = {isa = PBXFileReference; lastKnownFileType = sourcecode.c.h; path = AppDelegate.h; sourceTree = "<group>"; };
		28AF8D701E3F813B0035C9BA /* AppDelegate.m */ = {isa = PBXFileReference; lastKnownFileType = sourcecode.c.objc; path = AppDelegate.m; sourceTree = "<group>"; };
		28AF8D731E3F813B0035C9BA /* main.m */ = {isa = PBXFileReference; lastKnownFileType = sourcecode.c.objc; path = main.m; sourceTree = "<group>"; };
		28AF8D751E3F813B0035C9BA /* ViewController.h */ = {isa = PBXFileReference; lastKnownFileType = sourcecode.c.h; path = ViewController.h; sourceTree = "<group>"; };
		28AF8D761E3F813B0035C9BA /* ViewController.m */ = {isa = PBXFileReference; lastKnownFileType = sourcecode.c.objc; path = ViewController.m; sourceTree = "<group>"; };
		28AF8D781E3F813B0035C9BA /* Assets.xcassets */ = {isa = PBXFileReference; lastKnownFileType = folder.assetcatalog; path = Assets.xcassets; sourceTree = "<group>"; };
		28AF8D7B1E3F813B0035C9BA /* Base */ = {isa = PBXFileReference; lastKnownFileType = file.storyboard; name = Base; path = Base.lproj/Main.storyboard; sourceTree = "<group>"; };
		28AF8D7D1E3F813B0035C9BA /* Info.plist */ = {isa = PBXFileReference; lastKnownFileType = text.plist.xml; path = Info.plist; sourceTree = "<group>"; };
		28AF8D821E3F813B0035C9BA /* Network_Obj-cTests.xctest */ = {isa = PBXFileReference; explicitFileType = wrapper.cfbundle; includeInIndex = 0; path = "Network_Obj-cTests.xctest"; sourceTree = BUILT_PRODUCTS_DIR; };
		28AF8D861E3F813B0035C9BA /* Network_Obj_cTests.m */ = {isa = PBXFileReference; lastKnownFileType = sourcecode.c.objc; path = Network_Obj_cTests.m; sourceTree = "<group>"; };
		28AF8D881E3F813B0035C9BA /* Info.plist */ = {isa = PBXFileReference; lastKnownFileType = text.plist.xml; path = Info.plist; sourceTree = "<group>"; };
		28AF8D8D1E3F813B0035C9BA /* Network_Obj-cUITests.xctest */ = {isa = PBXFileReference; explicitFileType = wrapper.cfbundle; includeInIndex = 0; path = "Network_Obj-cUITests.xctest"; sourceTree = BUILT_PRODUCTS_DIR; };
		28AF8D911E3F813B0035C9BA /* Network_Obj_cUITests.m */ = {isa = PBXFileReference; lastKnownFileType = sourcecode.c.objc; path = Network_Obj_cUITests.m; sourceTree = "<group>"; };
		28AF8D931E3F813B0035C9BA /* Info.plist */ = {isa = PBXFileReference; lastKnownFileType = text.plist.xml; path = Info.plist; sourceTree = "<group>"; };
		28AF8D9F1E3F81460035C9BA /* Network.h */ = {isa = PBXFileReference; fileEncoding = 4; lastKnownFileType = sourcecode.c.h; name = Network.h; path = ../Network.h; sourceTree = "<group>"; };
		28AF8DA01E3F81460035C9BA /* Network.m */ = {isa = PBXFileReference; fileEncoding = 4; lastKnownFileType = sourcecode.c.objc; name = Network.m; path = ../Network.m; sourceTree = "<group>"; };
/* End PBXFileReference section */

/* Begin PBXFrameworksBuildPhase section */
		28AF8D691E3F813B0035C9BA /* Frameworks */ = {
			isa = PBXFrameworksBuildPhase;
			buildActionMask = 2147483647;
			files = (
			);
			runOnlyForDeploymentPostprocessing = 0;
		};
		28AF8D7F1E3F813B0035C9BA /* Frameworks */ = {
			isa = PBXFrameworksBuildPhase;
			buildActionMask = 2147483647;
			files = (
			);
			runOnlyForDeploymentPostprocessing = 0;
		};
		28AF8D8A1E3F813B0035C9BA /* Frameworks */ = {
			isa = PBXFrameworksBuildPhase;
			buildActionMask = 2147483647;
			files = (
			);
			runOnlyForDeploymentPostprocessing = 0;
		};
/* End PBXFrameworksBuildPhase section */

/* Begin PBXGroup section */
		28AF8D631E3F813B0035C9BA = {
			isa = PBXGroup;
			children = (
				28AF8D6E1E3F813B0035C9BA /* Network_Obj-c */,
				28AF8D851E3F813B0035C9BA /* Network_Obj-cTests */,
				28AF8D901E3F813B0035C9BA /* Network_Obj-cUITests */,
				28AF8D6D1E3F813B0035C9BA /* Products */,
			);
			sourceTree = "<group>";
		};
		28AF8D6D1E3F813B0035C9BA /* Products */ = {
			isa = PBXGroup;
			children = (
				28AF8D6C1E3F813B0035C9BA /* Network_Obj-c.app */,
				28AF8D821E3F813B0035C9BA /* Network_Obj-cTests.xctest */,
				28AF8D8D1E3F813B0035C9BA /* Network_Obj-cUITests.xctest */,
			);
			name = Products;
			sourceTree = "<group>";
		};
		28AF8D6E1E3F813B0035C9BA /* Network_Obj-c */ = {
			isa = PBXGroup;
			children = (
				28AF8D6F1E3F813B0035C9BA /* AppDelegate.h */,
				28AF8D701E3F813B0035C9BA /* AppDelegate.m */,
				28AF8D751E3F813B0035C9BA /* ViewController.h */,
				28AF8D761E3F813B0035C9BA /* ViewController.m */,
				28AF8D9F1E3F81460035C9BA /* Network.h */,
				28AF8DA01E3F81460035C9BA /* Network.m */,
				28AF8D781E3F813B0035C9BA /* Assets.xcassets */,
				28AF8D7A1E3F813B0035C9BA /* Main.storyboard */,
				28AF8D7D1E3F813B0035C9BA /* Info.plist */,
				28AF8D721E3F813B0035C9BA /* Supporting Files */,
			);
			path = "Network_Obj-c";
			sourceTree = "<group>";
		};
		28AF8D721E3F813B0035C9BA /* Supporting Files */ = {
			isa = PBXGroup;
			children = (
				28AF8D731E3F813B0035C9BA /* main.m */,
			);
			name = "Supporting Files";
			sourceTree = "<group>";
		};
		28AF8D851E3F813B0035C9BA /* Network_Obj-cTests */ = {
			isa = PBXGroup;
			children = (
				28AF8D861E3F813B0035C9BA /* Network_Obj_cTests.m */,
				28AF8D881E3F813B0035C9BA /* Info.plist */,
			);
			path = "Network_Obj-cTests";
			sourceTree = "<group>";
		};
		28AF8D901E3F813B0035C9BA /* Network_Obj-cUITests */ = {
			isa = PBXGroup;
			children = (
				28AF8D911E3F813B0035C9BA /* Network_Obj_cUITests.m */,
				28AF8D931E3F813B0035C9BA /* Info.plist */,
			);
			path = "Network_Obj-cUITests";
			sourceTree = "<group>";
		};
/* End PBXGroup section */

/* Begin PBXNativeTarget section */
		28AF8D6B1E3F813B0035C9BA /* Network_Obj-c */ = {
			isa = PBXNativeTarget;
			buildConfigurationList = 28AF8D961E3F813B0035C9BA /* Build configuration list for PBXNativeTarget "Network_Obj-c" */;
			buildPhases = (
				28AF8D681E3F813B0035C9BA /* Sources */,
				28AF8D691E3F813B0035C9BA /* Frameworks */,
				28AF8D6A1E3F813B0035C9BA /* Resources */,
			);
			buildRules = (
			);
			dependencies = (
			);
			name = "Network_Obj-c";
			productName = "Network_Obj-c";
			productReference = 28AF8D6C1E3F813B0035C9BA /* Network_Obj-c.app */;
			productType = "com.apple.product-type.application";
		};
		28AF8D811E3F813B0035C9BA /* Network_Obj-cTests */ = {
			isa = PBXNativeTarget;
			buildConfigurationList = 28AF8D991E3F813B0035C9BA /* Build configuration list for PBXNativeTarget "Network_Obj-cTests" */;
			buildPhases = (
				28AF8D7E1E3F813B0035C9BA /* Sources */,
				28AF8D7F1E3F813B0035C9BA /* Frameworks */,
				28AF8D801E3F813B0035C9BA /* Resources */,
			);
			buildRules = (
			);
			dependencies = (
				28AF8D841E3F813B0035C9BA /* PBXTargetDependency */,
			);
			name = "Network_Obj-cTests";
			productName = "Network_Obj-cTests";
			productReference = 28AF8D821E3F813B0035C9BA /* Network_Obj-cTests.xctest */;
			productType = "com.apple.product-type.bundle.unit-test";
		};
		28AF8D8C1E3F813B0035C9BA /* Network_Obj-cUITests */ = {
			isa = PBXNativeTarget;
			buildConfigurationList = 28AF8D9C1E3F813B0035C9BA /* Build configuration list for PBXNativeTarget "Network_Obj-cUITests" */;
			buildPhases = (
				28AF8D891E3F813B0035C9BA /* Sources */,
				28AF8D8A1E3F813B0035C9BA /* Frameworks */,
				28AF8D8B1E3F813B0035C9BA /* Resources */,
			);
			buildRules = (
			);
			dependencies = (
				28AF8D8F1E3F813B0035C9BA /* PBXTargetDependency */,
			);
			name = "Network_Obj-cUITests";
			productName = "Network_Obj-cUITests";
			productReference = 28AF8D8D1E3F813B0035C9BA /* Network_Obj-cUITests.xctest */;
			productType = "com.apple.product-type.bundle.ui-testing";
		};
/* End PBXNativeTarget section */

/* Begin PBXProject section */
		28AF8D641E3F813B0035C9BA /* Project object */ = {
			isa = PBXProject;
			attributes = {
				LastUpgradeCheck = 0830;
				ORGANIZATIONNAME = "Yongyang Nie";
				TargetAttributes = {
					28AF8D6B1E3F813B0035C9BA = {
						CreatedOnToolsVersion = 8.3;
						DevelopmentTeam = 8NZ8K5GNH8;
						ProvisioningStyle = Automatic;
					};
					28AF8D811E3F813B0035C9BA = {
						CreatedOnToolsVersion = 8.3;
						DevelopmentTeam = 8NZ8K5GNH8;
						ProvisioningStyle = Automatic;
						TestTargetID = 28AF8D6B1E3F813B0035C9BA;
					};
					28AF8D8C1E3F813B0035C9BA = {
						CreatedOnToolsVersion = 8.3;
						DevelopmentTeam = 8NZ8K5GNH8;
						ProvisioningStyle = Automatic;
						TestTargetID = 28AF8D6B1E3F813B0035C9BA;
					};
				};
			};
			buildConfigurationList = 28AF8D671E3F813B0035C9BA /* Build configuration list for PBXProject "Network_Obj-c" */;
			compatibilityVersion = "Xcode 3.2";
			developmentRegion = English;
			hasScannedForEncodings = 0;
			knownRegions = (
				en,
				Base,
			);
			mainGroup = 28AF8D631E3F813B0035C9BA;
			productRefGroup = 28AF8D6D1E3F813B0035C9BA /* Products */;
			projectDirPath = "";
			projectRoot = "";
			targets = (
				28AF8D6B1E3F813B0035C9BA /* Network_Obj-c */,
				28AF8D811E3F813B0035C9BA /* Network_Obj-cTests */,
				28AF8D8C1E3F813B0035C9BA /* Network_Obj-cUITests */,
			);
		};
/* End PBXProject section */

/* Begin PBXResourcesBuildPhase section */
		28AF8D6A1E3F813B0035C9BA /* Resources */ = {
			isa = PBXResourcesBuildPhase;
			buildActionMask = 2147483647;
			files = (
				28AF8D791E3F813B0035C9BA /* Assets.xcassets in Resources */,
				28AF8D7C1E3F813B0035C9BA /* Main.storyboard in Resources */,
			);
			runOnlyForDeploymentPostprocessing = 0;
		};
		28AF8D801E3F813B0035C9BA /* Resources */ = {
			isa = PBXResourcesBuildPhase;
			buildActionMask = 2147483647;
			files = (
			);
			runOnlyForDeploymentPostprocessing = 0;
		};
		28AF8D8B1E3F813B0035C9BA /* Resources */ = {
			isa = PBXResourcesBuildPhase;
			buildActionMask = 2147483647;
			files = (
			);
			runOnlyForDeploymentPostprocessing = 0;
		};
/* End PBXResourcesBuildPhase section */

/* Begin PBXSourcesBuildPhase section */
		28AF8D681E3F813B0035C9BA /* Sources */ = {
			isa = PBXSourcesBuildPhase;
			buildActionMask = 2147483647;
			files = (
				28AF8D771E3F813B0035C9BA /* ViewController.m in Sources */,
				28AF8D741E3F813B0035C9BA /* main.m in Sources */,
				28AF8DA11E3F81460035C9BA /* Network.m in Sources */,
				28AF8D711E3F813B0035C9BA /* AppDelegate.m in Sources */,
			);
			runOnlyForDeploymentPostprocessing = 0;
		};
		28AF8D7E1E3F813B0035C9BA /* Sources */ = {
			isa = PBXSourcesBuildPhase;
			buildActionMask = 2147483647;
			files = (
				28AF8D871E3F813B0035C9BA /* Network_Obj_cTests.m in Sources */,
			);
			runOnlyForDeploymentPostprocessing = 0;
		};
		28AF8D891E3F813B0035C9BA /* Sources */ = {
			isa = PBXSourcesBuildPhase;
			buildActionMask = 2147483647;
			files = (
				28AF8D921E3F813B0035C9BA /* Network_Obj_cUITests.m in Sources */,
			);
			runOnlyForDeploymentPostprocessing = 0;
		};
/* End PBXSourcesBuildPhase section */

/* Begin PBXTargetDependency section */
		28AF8D841E3F813B0035C9BA /* PBXTargetDependency */ = {
			isa = PBXTargetDependency;
			target = 28AF8D6B1E3F813B0035C9BA /* Network_Obj-c */;
			targetProxy = 28AF8D831E3F813B0035C9BA /* PBXContainerItemProxy */;
		};
		28AF8D8F1E3F813B0035C9BA /* PBXTargetDependency */ = {
			isa = PBXTargetDependency;
			target = 28AF8D6B1E3F813B0035C9BA /* Network_Obj-c */;
			targetProxy = 28AF8D8E1E3F813B0035C9BA /* PBXContainerItemProxy */;
		};
/* End PBXTargetDependency section */

/* Begin PBXVariantGroup section */
		28AF8D7A1E3F813B0035C9BA /* Main.storyboard */ = {
			isa = PBXVariantGroup;
			children = (
				28AF8D7B1E3F813B0035C9BA /* Base */,
			);
			name = Main.storyboard;
			sourceTree = "<group>";
		};
/* End PBXVariantGroup section */

/* Begin XCBuildConfiguration section */
		28AF8D941E3F813B0035C9BA /* Debug */ = {
			isa = XCBuildConfiguration;
			buildSettings = {
				ALWAYS_SEARCH_USER_PATHS = NO;
				CLANG_ANALYZER_NONNULL = YES;
				CLANG_ANALYZER_NUMBER_OBJECT_CONVERSION = YES_AGGRESSIVE;
				CLANG_CXX_LANGUAGE_STANDARD = "gnu++0x";
				CLANG_CXX_LIBRARY = "libc++";
				CLANG_ENABLE_MODULES = YES;
				CLANG_ENABLE_OBJC_ARC = YES;
				CLANG_WARN_BOOL_CONVERSION = YES;
				CLANG_WARN_CONSTANT_CONVERSION = YES;
				CLANG_WARN_DIRECT_OBJC_ISA_USAGE = YES_ERROR;
				CLANG_WARN_DOCUMENTATION_COMMENTS = YES;
				CLANG_WARN_EMPTY_BODY = YES;
				CLANG_WARN_ENUM_CONVERSION = YES;
				CLANG_WARN_INFINITE_RECURSION = YES;
				CLANG_WARN_INT_CONVERSION = YES;
				CLANG_WARN_OBJC_ROOT_CLASS = YES_ERROR;
				CLANG_WARN_SUSPICIOUS_MOVE = YES;
				CLANG_WARN_UNREACHABLE_CODE = YES;
				CLANG_WARN__DUPLICATE_METHOD_MATCH = YES;
				CODE_SIGN_IDENTITY = "-";
				COPY_PHASE_STRIP = NO;
				DEBUG_INFORMATION_FORMAT = dwarf;
				ENABLE_STRICT_OBJC_MSGSEND = YES;
				ENABLE_TESTABILITY = YES;
				GCC_C_LANGUAGE_STANDARD = gnu99;
				GCC_DYNAMIC_NO_PIC = NO;
				GCC_NO_COMMON_BLOCKS = YES;
				GCC_OPTIMIZATION_LEVEL = 0;
				GCC_PREPROCESSOR_DEFINITIONS = (
					"DEBUG=1",
					"$(inherited)",
				);
				GCC_WARN_64_TO_32_BIT_CONVERSION = YES;
				GCC_WARN_ABOUT_RETURN_TYPE = YES_ERROR;
				GCC_WARN_UNDECLARED_SELECTOR = YES;
				GCC_WARN_UNINITIALIZED_AUTOS = YES_AGGRESSIVE;
				GCC_WARN_UNUSED_FUNCTION = YES;
				GCC_WARN_UNUSED_VARIABLE = YES;
				MACOSX_DEPLOYMENT_TARGET = 10.12;
				MTL_ENABLE_DEBUG_INFO = YES;
				ONLY_ACTIVE_ARCH = YES;
				SDKROOT = macosx;
			};
			name = Debug;
		};
		28AF8D951E3F813B0035C9BA /* Release */ = {
			isa = XCBuildConfiguration;
			buildSettings = {
				ALWAYS_SEARCH_USER_PATHS = NO;
				CLANG_ANALYZER_NONNULL = YES;
				CLANG_ANALYZER_NUMBER_OBJECT_CONVERSION = YES_AGGRESSIVE;
				CLANG_CXX_LANGUAGE_STANDARD = "gnu++0x";
				CLANG_CXX_LIBRARY = "libc++";
				CLANG_ENABLE_MODULES = YES;
				CLANG_ENABLE_OBJC_ARC = YES;
				CLANG_WARN_BOOL_CONVERSION = YES;
				CLANG_WARN_CONSTANT_CONVERSION = YES;
				CLANG_WARN_DIRECT_OBJC_ISA_USAGE = YES_ERROR;
				CLANG_WARN_DOCUMENTATION_COMMENTS = YES;
				CLANG_WARN_EMPTY_BODY = YES;
				CLANG_WARN_ENUM_CONVERSION = YES;
				CLANG_WARN_INFINITE_RECURSION = YES;
				CLANG_WARN_INT_CONVERSION = YES;
				CLANG_WARN_OBJC_ROOT_CLASS = YES_ERROR;
				CLANG_WARN_SUSPICIOUS_MOVE = YES;
				CLANG_WARN_UNREACHABLE_CODE = YES;
				CLANG_WARN__DUPLICATE_METHOD_MATCH = YES;
				CODE_SIGN_IDENTITY = "-";
				COPY_PHASE_STRIP = NO;
				DEBUG_INFORMATION_FORMAT = "dwarf-with-dsym";
				ENABLE_NS_ASSERTIONS = NO;
				ENABLE_STRICT_OBJC_MSGSEND = YES;
				GCC_C_LANGUAGE_STANDARD = gnu99;
				GCC_NO_COMMON_BLOCKS = YES;
				GCC_WARN_64_TO_32_BIT_CONVERSION = YES;
				GCC_WARN_ABOUT_RETURN_TYPE = YES_ERROR;
				GCC_WARN_UNDECLARED_SELECTOR = YES;
				GCC_WARN_UNINITIALIZED_AUTOS = YES_AGGRESSIVE;
				GCC_WARN_UNUSED_FUNCTION = YES;
				GCC_WARN_UNUSED_VARIABLE = YES;
				MACOSX_DEPLOYMENT_TARGET = 10.12;
				MTL_ENABLE_DEBUG_INFO = NO;
				SDKROOT = macosx;
			};
			name = Release;
		};
		28AF8D971E3F813B0035C9BA /* Debug */ = {
			isa = XCBuildConfiguration;
			buildSettings = {
				ASSETCATALOG_COMPILER_APPICON_NAME = AppIcon;
				COMBINE_HIDPI_IMAGES = YES;
				DEVELOPMENT_TEAM = 8NZ8K5GNH8;
				INFOPLIST_FILE = "Network_Obj-c/Info.plist";
				LD_RUNPATH_SEARCH_PATHS = "$(inherited) @executable_path/../Frameworks";
				PRODUCT_BUNDLE_IDENTIFIER = "com.yongyang.Network-Obj-c";
				PRODUCT_NAME = "$(TARGET_NAME)";
			};
			name = Debug;
		};
		28AF8D981E3F813B0035C9BA /* Release */ = {
			isa = XCBuildConfiguration;
			buildSettings = {
				ASSETCATALOG_COMPILER_APPICON_NAME = AppIcon;
				COMBINE_HIDPI_IMAGES = YES;
				DEVELOPMENT_TEAM = 8NZ8K5GNH8;
				INFOPLIST_FILE = "Network_Obj-c/Info.plist";
				LD_RUNPATH_SEARCH_PATHS = "$(inherited) @executable_path/../Frameworks";
				PRODUCT_BUNDLE_IDENTIFIER = "com.yongyang.Network-Obj-c";
				PRODUCT_NAME = "$(TARGET_NAME)";
			};
			name = Release;
		};
		28AF8D9A1E3F813B0035C9BA /* Debug */ = {
			isa = XCBuildConfiguration;
			buildSettings = {
				BUNDLE_LOADER = "$(TEST_HOST)";
				COMBINE_HIDPI_IMAGES = YES;
				DEVELOPMENT_TEAM = 8NZ8K5GNH8;
				INFOPLIST_FILE = "Network_Obj-cTests/Info.plist";
				LD_RUNPATH_SEARCH_PATHS = "$(inherited) @executable_path/../Frameworks @loader_path/../Frameworks";
				PRODUCT_BUNDLE_IDENTIFIER = "com.yongyang.Network-Obj-cTests";
				PRODUCT_NAME = "$(TARGET_NAME)";
				TEST_HOST = "$(BUILT_PRODUCTS_DIR)/Network_Obj-c.app/Contents/MacOS/Network_Obj-c";
			};
			name = Debug;
		};
		28AF8D9B1E3F813B0035C9BA /* Release */ = {
			isa = XCBuildConfiguration;
			buildSettings = {
				BUNDLE_LOADER = "$(TEST_HOST)";
				COMBINE_HIDPI_IMAGES = YES;
				DEVELOPMENT_TEAM = 8NZ8K5GNH8;
				INFOPLIST_FILE = "Network_Obj-cTests/Info.plist";
				LD_RUNPATH_SEARCH_PATHS = "$(inherited) @executable_path/../Frameworks @loader_path/../Frameworks";
				PRODUCT_BUNDLE_IDENTIFIER = "com.yongyang.Network-Obj-cTests";
				PRODUCT_NAME = "$(TARGET_NAME)";
				TEST_HOST = "$(BUILT_PRODUCTS_DIR)/Network_Obj-c.app/Contents/MacOS/Network_Obj-c";
			};
			name = Release;
		};
		28AF8D9D1E3F813B0035C9BA /* Debug */ = {
			isa = XCBuildConfiguration;
			buildSettings = {
				COMBINE_HIDPI_IMAGES = YES;
				DEVELOPMENT_TEAM = 8NZ8K5GNH8;
				INFOPLIST_FILE = "Network_Obj-cUITests/Info.plist";
				LD_RUNPATH_SEARCH_PATHS = "$(inherited) @executable_path/../Frameworks @loader_path/../Frameworks";
				PRODUCT_BUNDLE_IDENTIFIER = "com.yongyang.Network-Obj-cUITests";
				PRODUCT_NAME = "$(TARGET_NAME)";
				TEST_TARGET_NAME = "Network_Obj-c";
			};
			name = Debug;
		};
		28AF8D9E1E3F813B0035C9BA /* Release */ = {
			isa = XCBuildConfiguration;
			buildSettings = {
				COMBINE_HIDPI_IMAGES = YES;
				DEVELOPMENT_TEAM = 8NZ8K5GNH8;
				INFOPLIST_FILE = "Network_Obj-cUITests/Info.plist";
				LD_RUNPATH_SEARCH_PATHS = "$(inherited) @executable_path/../Frameworks @loader_path/../Frameworks";
				PRODUCT_BUNDLE_IDENTIFIER = "com.yongyang.Network-Obj-cUITests";
				PRODUCT_NAME = "$(TARGET_NAME)";
				TEST_TARGET_NAME = "Network_Obj-c";
			};
			name = Release;
		};
/* End XCBuildConfiguration section */

/* Begin XCConfigurationList section */
		28AF8D671E3F813B0035C9BA /* Build configuration list for PBXProject "Network_Obj-c" */ = {
			isa = XCConfigurationList;
			buildConfigurations = (
				28AF8D941E3F813B0035C9BA /* Debug */,
				28AF8D951E3F813B0035C9BA /* Release */,
			);
			defaultConfigurationIsVisible = 0;
			defaultConfigurationName = Release;
		};
		28AF8D961E3F813B0035C9BA /* Build configuration list for PBXNativeTarget "Network_Obj-c" */ = {
			isa = XCConfigurationList;
			buildConfigurations = (
				28AF8D971E3F813B0035C9BA /* Debug */,
				28AF8D981E3F813B0035C9BA /* Release */,
			);
			defaultConfigurationIsVisible = 0;
		};
		28AF8D991E3F813B0035C9BA /* Build configuration list for PBXNativeTarget "Network_Obj-cTests" */ = {
			isa = XCConfigurationList;
			buildConfigurations = (
				28AF8D9A1E3F813B0035C9BA /* Debug */,
				28AF8D9B1E3F813B0035C9BA /* Release */,
			);
			defaultConfigurationIsVisible = 0;
		};
		28AF8D9C1E3F813B0035C9BA /* Build configuration list for PBXNativeTarget "Network_Obj-cUITests" */ = {
			isa = XCConfigurationList;
			buildConfigurations = (
				28AF8D9D1E3F813B0035C9BA /* Debug */,
				28AF8D9E1E3F813B0035C9BA /* Release */,
			);
			defaultConfigurationIsVisible = 0;
		};
/* End XCConfigurationList section */
	};
	rootObject = 28AF8D641E3F813B0035C9BA /* Project object */;
}
